
Microsoft Visual Studio Solution File, Format Version 12.00
# Visual Studio 15
VisualStudioVersion = 15.0.27130.2010
MinimumVisualStudioVersion = 10.0.40219.1
Project("{FAE04EC0-301F-11D3-BF4B-00C04F79EFBC}") = "WebApplication", "WebApplication\WebApplication.csproj", "{A14753FA-E75C-436F-837B-6109E77AD3BB}"
EndProject
Global
	GlobalSection(SolutionConfigurationPlatforms) = preSolution
		Debug|Any CPU = Debug|Any CPU
		Release|Any CPU = Release|Any CPU
	EndGlobalSection
	GlobalSection(ProjectConfigurationPlatforms) = postSolution
		{A14753FA-E75C-436F-837B-6109E77AD3BB}.Debug|Any CPU.ActiveCfg = Debug|Any CPU
		{A14753FA-E75C-436F-837B-6109E77AD3BB}.Debug|Any CPU.Build.0 = Debug|Any CPU
		{A14753FA-E75C-436F-837B-6109E77AD3BB}.Release|Any CPU.ActiveCfg = Release|Any CPU
		{A14753FA-E75C-436F-837B-6109E77AD3BB}.Release|Any CPU.Build.0 = Release|Any CPU
	EndGlobalSection
	GlobalSection(SolutionProperties) = preSolution
		HideSolutionNode = FALSE
	EndGlobalSection
	GlobalSection(ExtensibilityGlobals) = postSolution
		SolutionGuid = {1D629588-C978-498E-B22D-696219E4EC05}
	EndGlobalSection
EndGlobal
